
Microsoft Visual Studio Solution File, Format Version 12.00
# Visual Studio Version 17
VisualStudioVersion = 17.10.34928.147
MinimumVisualStudioVersion = 10.0.40219.1
Project("{8BC9CEB8-8B4A-11D0-8D11-00A0C91BC942}") = "threadpool", "threadpool\threadpool.vcxproj", "{44E72F0B-09B7-46BB-808D-DD3F3A7A42ED}"
EndProject
Global
	GlobalSection(SolutionConfigurationPlatforms) = preSolution
		Debug|ARM = Debug|ARM
		Debug|ARM64 = Debug|ARM64
		Debug|x64 = Debug|x64
		Debug|x86 = Debug|x86
		Release|ARM = Release|ARM
		Release|ARM64 = Release|ARM64
		Release|x64 = Release|x64
		Release|x86 = Release|x86
	EndGlobalSection
	GlobalSection(ProjectConfigurationPlatforms) = postSolution
		{44E72F0B-09B7-46BB-808D-DD3F3A7A42ED}.Debug|ARM.ActiveCfg = Debug|ARM
		{44E72F0B-09B7-46BB-808D-DD3F3A7A42ED}.Debug|ARM.Build.0 = Debug|ARM
		{44E72F0B-09B7-46BB-808D-DD3F3A7A42ED}.Debug|ARM.Deploy.0 = Debug|ARM
		{44E72F0B-09B7-46BB-808D-DD3F3A7A42ED}.Debug|ARM64.ActiveCfg = Debug|ARM64
		{44E72F0B-09B7-46BB-808D-DD3F3A7A42ED}.Debug|ARM64.Build.0 = Debug|ARM64
		{44E72F0B-09B7-46BB-808D-DD3F3A7A42ED}.Debug|ARM64.Deploy.0 = Debug|ARM64
		{44E72F0B-09B7-46BB-808D-DD3F3A7A42ED}.Debug|x64.ActiveCfg = Debug|x64
		{44E72F0B-09B7-46BB-808D-DD3F3A7A42ED}.Debug|x64.Build.0 = Debug|x64
		{44E72F0B-09B7-46BB-808D-DD3F3A7A42ED}.Debug|x64.Deploy.0 = Debug|x64
		{44E72F0B-09B7-46BB-808D-DD3F3A7A42ED}.Debug|x86.ActiveCfg = Debug|x86
		{44E72F0B-09B7-46BB-808D-DD3F3A7A42ED}.Debug|x86.Build.0 = Debug|x86
		{44E72F0B-09B7-46BB-808D-DD3F3A7A42ED}.Debug|x86.Deploy.0 = Debug|x86
		{44E72F0B-09B7-46BB-808D-DD3F3A7A42ED}.Release|ARM.ActiveCfg = Release|ARM
		{44E72F0B-09B7-46BB-808D-DD3F3A7A42ED}.Release|ARM.Build.0 = Release|ARM
		{44E72F0B-09B7-46BB-808D-DD3F3A7A42ED}.Release|ARM.Deploy.0 = Release|ARM
		{44E72F0B-09B7-46BB-808D-DD3F3A7A42ED}.Release|ARM64.ActiveCfg = Release|ARM64
		{44E72F0B-09B7-46BB-808D-DD3F3A7A42ED}.Release|ARM64.Build.0 = Release|ARM64
		{44E72F0B-09B7-46BB-808D-DD3F3A7A42ED}.Release|ARM64.Deploy.0 = Release|ARM64
		{44E72F0B-09B7-46BB-808D-DD3F3A7A42ED}.Release|x64.ActiveCfg = Release|x64
		{44E72F0B-09B7-46BB-808D-DD3F3A7A42ED}.Release|x64.Build.0 = Release|x64
		{44E72F0B-09B7-46BB-808D-DD3F3A7A42ED}.Release|x64.Deploy.0 = Release|x64
		{44E72F0B-09B7-46BB-808D-DD3F3A7A42ED}.Release|x86.ActiveCfg = Release|x86
		{44E72F0B-09B7-46BB-808D-DD3F3A7A42ED}.Release|x86.Build.0 = Release|x86
		{44E72F0B-09B7-46BB-808D-DD3F3A7A42ED}.Release|x86.Deploy.0 = Release|x86
	EndGlobalSection
	GlobalSection(SolutionProperties) = preSolution
		HideSolutionNode = FALSE
	EndGlobalSection
	GlobalSection(ExtensibilityGlobals) = postSolution
		SolutionGuid = {7A8D5F04-9F7E-45E8-96A2-0CD9612884EB}
	EndGlobalSection
EndGlobal
